<?xml version="1.0" encoding="utf-8"?>
<Project ToolsVersion="4.0" xmlns="http://schemas.microsoft.com/developer/msbuild/2003">
  <ItemGroup>
    <Filter Include="Source Files">
      <UniqueIdentifier>{755f26cb-0c10-4c85-94a6-fc2201f71e25}</UniqueIdentifier>
      <Extensions>cpp;c;cxx;rc;def;r;odl;idl;hpj;bat</Extensions>
    </Filter>
    <Filter Include="Header Files">
      <UniqueIdentifier>{7391e683-d3b0-47d9-9cc6-f33b04f9794c}</UniqueIdentifier>
      <Extensions>h;hpp;hxx;hm;inl</Extensions>
    </Filter>
    <Filter Include="Resource Files">
      <UniqueIdentifier>{28373552-f9a3-491d-957e-d0e025867a70}</UniqueIdentifier>
      <Extensions>ico;cur;bmp;dlg;rc2;rct;bin;rgs;gif;jpg;jpeg;jpe</Extensions>
    </Filter>
  </ItemGroup>
  <ItemGroup>
    <ClCompile Include="AddrEntry.cpp">
      <Filter>Source Files</Filter>
    </ClCompile>
    <ClCompile Include="AlaDlg.cpp">
      <Filter>Source Files</Filter>
    </ClCompile>
    <ClCompile Include="BCMenu.cpp">
      <Filter>Source Files</Filter>
    </ClCompile>
    <ClCompile Include="BmpButt.cpp">
      <Filter>Source Files</Filter>
    </ClCompile>
    <ClCompile Include="CalCtrl.cpp">
      <Filter>Source Files</Filter>
    </ClCompile>
    <ClCompile Include="calen.cpp">
      <Filter>Source Files</Filter>
    </ClCompile>
    <ClCompile Include="CodeEd.cpp">
      <Filter>Source Files</Filter>
    </ClCompile>
    <ClCompile Include="CtimeCtrl.cpp">
      <Filter>Source Files</Filter>
    </ClCompile>
    <ClCompile Include="DateSel.cpp">
      <Filter>Source Files</Filter>
    </ClCompile>
    <ClCompile Include="DBMain.cpp">
      <Filter>Source Files</Filter>
    </ClCompile>
    <ClCompile Include="dbtest.cpp">
      <Filter>Source Files</Filter>
    </ClCompile>
    <ClCompile Include="dbtestDlg.cpp">
      <Filter>Source Files</Filter>
    </ClCompile>
    <ClCompile Include="DiagList.cpp">
      <Filter>Source Files</Filter>
    </ClCompile>
    <ClCompile Include="EditEx.cpp">
      <Filter>Source Files</Filter>
    </ClCompile>
    <ClCompile Include="EventDlg.cpp">
      <Filter>Source Files</Filter>
    </ClCompile>
    <ClCompile Include="FileDialogST.cpp">
      <Filter>Source Files</Filter>
    </ClCompile>
    <ClCompile Include="GrayWin.cpp">
      <Filter>Source Files</Filter>
    </ClCompile>
    <ClCompile Include="HistoryDlg.cpp">
      <Filter>Source Files</Filter>
    </ClCompile>
    <ClCompile Include="HShield.cpp">
      <Filter>Source Files</Filter>
    </ClCompile>
    <ClCompile Include="label.cpp">
      <Filter>Source Files</Filter>
    </ClCompile>
    <ClCompile Include="lcd7.cpp">
      <Filter>Source Files</Filter>
    </ClCompile>
    <ClCompile Include="LevenStein.cpp">
      <Filter>Source Files</Filter>
    </ClCompile>
    <ClCompile Include="MedReg.cpp">
      <Filter>Source Files</Filter>
    </ClCompile>
    <ClCompile Include="MsgBox.cpp">
      <Filter>Source Files</Filter>
    </ClCompile>
    <ClCompile Include="mxpad.cpp">
      <Filter>Source Files</Filter>
    </ClCompile>
    <ClCompile Include="parse.cpp">
      <Filter>Source Files</Filter>
    </ClCompile>
    <ClCompile Include="pcSelection.cpp">
      <Filter>Source Files</Filter>
    </ClCompile>
    <ClCompile Include="PersistDlg.cpp">
      <Filter>Source Files</Filter>
    </ClCompile>
    <ClCompile Include="PGedit.cpp">
      <Filter>Source Files</Filter>
    </ClCompile>
    <ClCompile Include="PGtree.cpp">
      <Filter>Source Files</Filter>
    </ClCompile>
    <ClCompile Include="Popup.cpp">
      <Filter>Source Files</Filter>
    </ClCompile>
    <ClCompile Include="prl.cpp">
      <Filter>Source Files</Filter>
    </ClCompile>
    <ClCompile Include="ProcedureDlg.cpp">
      <Filter>Source Files</Filter>
    </ClCompile>
    <ClCompile Include="PRocList.cpp">
      <Filter>Source Files</Filter>
    </ClCompile>
    <ClCompile Include="SimpleGrid.cpp">
      <Filter>Source Files</Filter>
    </ClCompile>
    <ClCompile Include="StdAfx.cpp">
      <Filter>Source Files</Filter>
    </ClCompile>
    <ClCompile Include="Support.cpp">
      <Filter>Source Files</Filter>
    </ClCompile>
    <ClCompile Include="Transcript.cpp">
      <Filter>Source Files</Filter>
    </ClCompile>
    <ClCompile Include="UniqID.cpp">
      <Filter>Source Files</Filter>
    </ClCompile>
    <ClCompile Include="xcalDlg.cpp">
      <Filter>Source Files</Filter>
    </ClCompile>
    <ClCompile Include="xCalen.cpp">
      <Filter>Source Files</Filter>
    </ClCompile>
    <ClCompile Include="xTargetButton.cpp">
      <Filter>Source Files</Filter>
    </ClCompile>
  </ItemGroup>
  <ItemGroup>
    <ResourceCompile Include="dbtest.rc">
      <Filter>Source Files</Filter>
    </ResourceCompile>
  </ItemGroup>
  <ItemGroup>
    <ClInclude Include="AddrEntry.h">
      <Filter>Header Files</Filter>
    </ClInclude>
    <ClInclude Include="AlaDlg.h">
      <Filter>Header Files</Filter>
    </ClInclude>
    <ClInclude Include="AlaDlg1.h">
      <Filter>Header Files</Filter>
    </ClInclude>
    <ClInclude Include="BCMenu.h">
      <Filter>Header Files</Filter>
    </ClInclude>
    <ClInclude Include="BmpButt.h">
      <Filter>Header Files</Filter>
    </ClInclude>
    <ClInclude Include="CalCtrl.h">
      <Filter>Header Files</Filter>
    </ClInclude>
    <ClInclude Include="calen.h">
      <Filter>Header Files</Filter>
    </ClInclude>
    <ClInclude Include="CodeEd.h">
      <Filter>Header Files</Filter>
    </ClInclude>
    <ClInclude Include="CTimeCtrl.h">
      <Filter>Header Files</Filter>
    </ClInclude>
    <ClInclude Include="DateSel.h">
      <Filter>Header Files</Filter>
    </ClInclude>
    <ClInclude Include="DBMain.h">
      <Filter>Header Files</Filter>
    </ClInclude>
    <ClInclude Include="dbtest.h">
      <Filter>Header Files</Filter>
    </ClInclude>
    <ClInclude Include="dbtestDlg.h">
      <Filter>Header Files</Filter>
    </ClInclude>
    <ClInclude Include="DiagList.h">
      <Filter>Header Files</Filter>
    </ClInclude>
    <ClInclude Include="EditEx.h">
      <Filter>Header Files</Filter>
    </ClInclude>
    <ClInclude Include="EventDlg.h">
      <Filter>Header Files</Filter>
    </ClInclude>
    <ClInclude Include="FileDialogST.h">
      <Filter>Header Files</Filter>
    </ClInclude>
    <ClInclude Include="GrayWin.h">
      <Filter>Header Files</Filter>
    </ClInclude>
    <ClInclude Include="HistoryDlg.h">
      <Filter>Header Files</Filter>
    </ClInclude>
    <ClInclude Include="HShield.h">
      <Filter>Header Files</Filter>
    </ClInclude>
    <ClInclude Include="label.h">
      <Filter>Header Files</Filter>
    </ClInclude>
    <ClInclude Include="lcd7.h">
      <Filter>Header Files</Filter>
    </ClInclude>
    <ClInclude Include="LevenStein.h">
      <Filter>Header Files</Filter>
    </ClInclude>
    <ClInclude Include="MedReg.h">
      <Filter>Header Files</Filter>
    </ClInclude>
    <ClInclude Include="MsgBox.h">
      <Filter>Header Files</Filter>
    </ClInclude>
    <ClInclude Include="mxpad.h">
      <Filter>Header Files</Filter>
    </ClInclude>
    <ClInclude Include="parse.h">
      <Filter>Header Files</Filter>
    </ClInclude>
    <ClInclude Include="pcSelection.h">
      <Filter>Header Files</Filter>
    </ClInclude>
    <ClInclude Include="PersistDlg.h">
      <Filter>Header Files</Filter>
    </ClInclude>
    <ClInclude Include="PGedit.h">
      <Filter>Header Files</Filter>
    </ClInclude>
    <ClInclude Include="PGtree.h">
      <Filter>Header Files</Filter>
    </ClInclude>
    <ClInclude Include="Popup.h">
      <Filter>Header Files</Filter>
    </ClInclude>
    <ClInclude Include="prl.h">
      <Filter>Header Files</Filter>
    </ClInclude>
    <ClInclude Include="ProcedureDlg.h">
      <Filter>Header Files</Filter>
    </ClInclude>
    <ClInclude Include="PRocList.h">
      <Filter>Header Files</Filter>
    </ClInclude>
    <ClInclude Include="Resource.h">
      <Filter>Header Files</Filter>
    </ClInclude>
    <ClInclude Include="SimpleGrid.h">
      <Filter>Header Files</Filter>
    </ClInclude>
    <ClInclude Include="StdAfx.h">
      <Filter>Header Files</Filter>
    </ClInclude>
    <ClInclude Include="Support.h">
      <Filter>Header Files</Filter>
    </ClInclude>
    <ClInclude Include="Transcript.h">
      <Filter>Header Files</Filter>
    </ClInclude>
    <ClInclude Include="UniqID.h">
      <Filter>Header Files</Filter>
    </ClInclude>
    <ClInclude Include="xcalDlg.h">
      <Filter>Header Files</Filter>
    </ClInclude>
    <ClInclude Include="xCalen.h">
      <Filter>Header Files</Filter>
    </ClInclude>
    <ClInclude Include="xTargetButton.h">
      <Filter>Header Files</Filter>
    </ClInclude>
  </ItemGroup>
  <ItemGroup>
    <Image Include="images\appoint.bmp">
      <Filter>Resource Files</Filter>
    </Image>
    <Image Include="images\assets.bmp">
      <Filter>Resource Files</Filter>
    </Image>
    <Image Include="res\bitmap1.bmp">
      <Filter>Resource Files</Filter>
    </Image>
    <Image Include="images\bitmap10.bmp">
      <Filter>Resource Files</Filter>
    </Image>
    <Image Include="res\bitmap2.bmp">
      <Filter>Resource Files</Filter>
    </Image>
    <Image Include="res\dbtest.ico">
      <Filter>Resource Files</Filter>
    </Image>
    <Image Include="images\hippaa2.bmp">
      <Filter>Resource Files</Filter>
    </Image>
    <Image Include="images\newpat.bmp">
      <Filter>Resource Files</Filter>
    </Image>
    <Image Include="images\pay.bmp">
      <Filter>Resource Files</Filter>
    </Image>
    <Image Include="images\reports.bmp">
      <Filter>Resource Files</Filter>
    </Image>
    <Image Include="images\stat.bmp">
      <Filter>Resource Files</Filter>
    </Image>
    <Image Include="images\tools.bmp">
      <Filter>Resource Files</Filter>
    </Image>
  </ItemGroup>
  <ItemGroup>
    <Text Include="ReadMe.txt" />
  </ItemGroup>
  <ItemGroup>
    <CustomBuild Include="res\dbtest.rc2">
      <Filter>Resource Files</Filter>
    </CustomBuild>
  </ItemGroup>
</Project>