<?xml version="1.0" encoding="utf-8"?>
<Project ToolsVersion="4.0" xmlns="http://schemas.microsoft.com/developer/msbuild/2003">
  <ItemGroup>
    <Filter Include="Source Files">
      <UniqueIdentifier>{8b1b0500-349e-4fbe-a106-7a2a9545dbb5}</UniqueIdentifier>
      <Extensions>cpp;c;cxx;rc;def;r;odl;idl;hpj;bat</Extensions>
    </Filter>
    <Filter Include="Header Files">
      <UniqueIdentifier>{ca398eb1-1c86-4894-b5d1-4fd5b68918a5}</UniqueIdentifier>
      <Extensions>h;hpp;hxx;hm;inl</Extensions>
    </Filter>
    <Filter Include="Resource Files">
      <UniqueIdentifier>{e67c38cd-d91d-4e1f-9cf8-25b07b6e6c97}</UniqueIdentifier>
      <Extensions>ico;cur;bmp;dlg;rc2;rct;bin;rgs;gif;jpg;jpeg;jpe</Extensions>
    </Filter>
  </ItemGroup>
  <ItemGroup>
    <ClCompile Include="About.cpp">
      <Filter>Source Files</Filter>
    </ClCompile>
    <ClCompile Include="AlaDlg.cpp">
      <Filter>Source Files</Filter>
    </ClCompile>
    <ClCompile Include="mxpad.cpp">
      <Filter>Source Files</Filter>
    </ClCompile>
    <ClCompile Include="Popup.cpp">
      <Filter>Source Files</Filter>
    </ClCompile>
    <ClCompile Include="StdAfx.cpp">
      <Filter>Source Files</Filter>
    </ClCompile>
    <ClCompile Include="support.cpp">
      <Filter>Source Files</Filter>
    </ClCompile>
    <ClCompile Include="vSplit.cpp">
      <Filter>Source Files</Filter>
    </ClCompile>
    <ClCompile Include="xcal.cpp">
      <Filter>Source Files</Filter>
    </ClCompile>
    <ClCompile Include="xcalDlg.cpp">
      <Filter>Source Files</Filter>
    </ClCompile>
    <ClCompile Include="xCalen.cpp">
      <Filter>Source Files</Filter>
    </ClCompile>
    <ClCompile Include="xWnd.cpp">
      <Filter>Source Files</Filter>
    </ClCompile>
  </ItemGroup>
  <ItemGroup>
    <ResourceCompile Include="xcal.rc">
      <Filter>Source Files</Filter>
    </ResourceCompile>
  </ItemGroup>
  <ItemGroup>
    <ClInclude Include="AlaDlg.h">
      <Filter>Header Files</Filter>
    </ClInclude>
    <ClInclude Include="mxpad.h">
      <Filter>Header Files</Filter>
    </ClInclude>
    <ClInclude Include="Popup.h">
      <Filter>Header Files</Filter>
    </ClInclude>
    <ClInclude Include="Resource.h">
      <Filter>Header Files</Filter>
    </ClInclude>
    <ClInclude Include="StdAfx.h">
      <Filter>Header Files</Filter>
    </ClInclude>
    <ClInclude Include="support.h">
      <Filter>Header Files</Filter>
    </ClInclude>
    <ClInclude Include="vSplit.h">
      <Filter>Header Files</Filter>
    </ClInclude>
    <ClInclude Include="xcal.h">
      <Filter>Header Files</Filter>
    </ClInclude>
    <ClInclude Include="xcalDlg.h">
      <Filter>Header Files</Filter>
    </ClInclude>
    <ClInclude Include="xCalen.h">
      <Filter>Header Files</Filter>
    </ClInclude>
    <ClInclude Include="xWnd.h">
      <Filter>Header Files</Filter>
    </ClInclude>
  </ItemGroup>
  <ItemGroup>
    <Image Include="res\xcal.ico">
      <Filter>Resource Files</Filter>
    </Image>
  </ItemGroup>
  <ItemGroup>
    <Text Include="ReadMe.txt" />
  </ItemGroup>
  <ItemGroup>
    <CustomBuild Include="res\xcal.rc2">
      <Filter>Resource Files</Filter>
    </CustomBuild>
  </ItemGroup>
</Project>