<?xml version="1.0" encoding="utf-8"?>
<Project ToolsVersion="4.0" xmlns="http://schemas.microsoft.com/developer/msbuild/2003">
  <ItemGroup>
    <Filter Include="Source Files">
      <UniqueIdentifier>{498d12c9-b9c4-4048-a91a-848cd39b295d}</UniqueIdentifier>
      <Extensions>cpp;c;cxx;rc;def;r;odl;idl;hpj;bat</Extensions>
    </Filter>
    <Filter Include="Header Files">
      <UniqueIdentifier>{17585cb9-c138-4a85-af17-df78ea57f8f5}</UniqueIdentifier>
      <Extensions>h;hpp;hxx;hm;inl</Extensions>
    </Filter>
    <Filter Include="Resource Files">
      <UniqueIdentifier>{5653a996-391e-405a-8281-c25ac351c038}</UniqueIdentifier>
      <Extensions>ico;cur;bmp;dlg;rc2;rct;bin;rgs;gif;jpg;jpeg;jpe</Extensions>
    </Filter>
  </ItemGroup>
  <ItemGroup>
    <ClCompile Include="GrayDlg.cpp">
      <Filter>Source Files</Filter>
    </ClCompile>
    <ClCompile Include="label.cpp">
      <Filter>Source Files</Filter>
    </ClCompile>
    <ClCompile Include="misc.cpp">
      <Filter>Source Files</Filter>
    </ClCompile>
    <ClCompile Include="mxpad.cpp">
      <Filter>Source Files</Filter>
    </ClCompile>
    <ClCompile Include="PersistDlg.cpp">
      <Filter>Source Files</Filter>
    </ClCompile>
    <ClCompile Include="Popup.cpp">
      <Filter>Source Files</Filter>
    </ClCompile>
    <ClCompile Include="StdAfx.cpp">
      <Filter>Source Files</Filter>
    </ClCompile>
    <ClCompile Include="Support.cpp">
      <Filter>Source Files</Filter>
    </ClCompile>
    <ClCompile Include="TextMode.cpp">
      <Filter>Source Files</Filter>
    </ClCompile>
    <ClCompile Include="TransSlider.cpp">
      <Filter>Source Files</Filter>
    </ClCompile>
    <ClCompile Include="vgrid.cpp">
      <Filter>Source Files</Filter>
    </ClCompile>
    <ClCompile Include="vgridDlg.cpp">
      <Filter>Source Files</Filter>
    </ClCompile>
    <ClCompile Include="xPtrArr.cpp">
      <Filter>Source Files</Filter>
    </ClCompile>
    <ClCompile Include="XrayM.cpp">
      <Filter>Source Files</Filter>
    </ClCompile>
  </ItemGroup>
  <ItemGroup>
    <ResourceCompile Include="vgrid.rc">
      <Filter>Source Files</Filter>
    </ResourceCompile>
  </ItemGroup>
  <ItemGroup>
    <ClInclude Include="GrayDlg.h">
      <Filter>Header Files</Filter>
    </ClInclude>
    <ClInclude Include="label.h">
      <Filter>Header Files</Filter>
    </ClInclude>
    <ClInclude Include="misc.h">
      <Filter>Header Files</Filter>
    </ClInclude>
    <ClInclude Include="mxpad.h">
      <Filter>Header Files</Filter>
    </ClInclude>
    <ClInclude Include="PersistDlg.h">
      <Filter>Header Files</Filter>
    </ClInclude>
    <ClInclude Include="Popup.h">
      <Filter>Header Files</Filter>
    </ClInclude>
    <ClInclude Include="Resource.h">
      <Filter>Header Files</Filter>
    </ClInclude>
    <ClInclude Include="StdAfx.h">
      <Filter>Header Files</Filter>
    </ClInclude>
    <ClInclude Include="Support.h">
      <Filter>Header Files</Filter>
    </ClInclude>
    <ClInclude Include="TextMode.h">
      <Filter>Header Files</Filter>
    </ClInclude>
    <ClInclude Include="TransSlider.h">
      <Filter>Header Files</Filter>
    </ClInclude>
    <ClInclude Include="vgrid.h">
      <Filter>Header Files</Filter>
    </ClInclude>
    <ClInclude Include="vgridDlg.h">
      <Filter>Header Files</Filter>
    </ClInclude>
    <ClInclude Include="xPtrArr.h">
      <Filter>Header Files</Filter>
    </ClInclude>
    <ClInclude Include="XrayM.h">
      <Filter>Header Files</Filter>
    </ClInclude>
  </ItemGroup>
  <ItemGroup>
    <Image Include="res\vgrid.ico">
      <Filter>Resource Files</Filter>
    </Image>
  </ItemGroup>
  <ItemGroup>
    <Text Include="ReadMe.txt" />
  </ItemGroup>
  <ItemGroup>
    <CustomBuild Include="res\vgrid.rc2">
      <Filter>Resource Files</Filter>
    </CustomBuild>
  </ItemGroup>
</Project>