<?xml version="1.0" encoding="utf-8"?>
<Project ToolsVersion="4.0" xmlns="http://schemas.microsoft.com/developer/msbuild/2003">
  <ItemGroup>
    <Filter Include="Source Files">
      <UniqueIdentifier>{0bf7ee15-b3cc-44b8-b0c1-d36fb48a4911}</UniqueIdentifier>
      <Extensions>cpp;c;cxx;rc;def;r;odl;idl;hpj;bat</Extensions>
    </Filter>
    <Filter Include="Header Files">
      <UniqueIdentifier>{b186aa51-692b-4010-8f7e-20b0de7c8274}</UniqueIdentifier>
      <Extensions>h;hpp;hxx;hm;inl</Extensions>
    </Filter>
    <Filter Include="Resource Files">
      <UniqueIdentifier>{d3e25d15-c08e-4a22-acfc-1b3054c89c6e}</UniqueIdentifier>
      <Extensions>ico;cur;bmp;dlg;rc2;rct;bin;rgs;gif;jpg;jpeg;jpe</Extensions>
    </Filter>
    <Filter Include="Help Files">
      <UniqueIdentifier>{a391ad5c-9432-422e-b8cc-f467ba23e423}</UniqueIdentifier>
      <Extensions>cnt;rtf</Extensions>
    </Filter>
  </ItemGroup>
  <ItemGroup>
    <ClCompile Include="serials.cpp">
      <Filter>Source Files</Filter>
    </ClCompile>
    <ClCompile Include="serialsDlg.cpp">
      <Filter>Source Files</Filter>
    </ClCompile>
    <ClCompile Include="StdAfx.cpp">
      <Filter>Source Files</Filter>
    </ClCompile>
  </ItemGroup>
  <ItemGroup>
    <ResourceCompile Include="serials.rc">
      <Filter>Source Files</Filter>
    </ResourceCompile>
  </ItemGroup>
  <ItemGroup>
    <ClInclude Include="serials.h">
      <Filter>Header Files</Filter>
    </ClInclude>
    <ClInclude Include="serialsDlg.h">
      <Filter>Header Files</Filter>
    </ClInclude>
    <ClInclude Include="StdAfx.h">
      <Filter>Header Files</Filter>
    </ClInclude>
  </ItemGroup>
  <ItemGroup>
    <Image Include="res\bitmap1.bmp">
      <Filter>Resource Files</Filter>
    </Image>
    <Image Include="res\logo3a.bmp">
      <Filter>Resource Files</Filter>
    </Image>
    <Image Include="res\serials.ico">
      <Filter>Resource Files</Filter>
    </Image>
  </ItemGroup>
  <ItemGroup>
    <Text Include="ReadMe.txt" />
  </ItemGroup>
  <ItemGroup>
    <CustomBuild Include="Resource.h">
      <Filter>Header Files</Filter>
    </CustomBuild>
    <CustomBuild Include="res\serials.rc2">
      <Filter>Resource Files</Filter>
    </CustomBuild>
    <CustomBuild Include="hlp\AfxDlg.rtf">
      <Filter>Help Files</Filter>
    </CustomBuild>
    <CustomBuild Include="hlp\serials.cnt">
      <Filter>Help Files</Filter>
    </CustomBuild>
  </ItemGroup>
</Project>