
Microsoft Visual Studio Solution File, Format Version 12.00
# Visual Studio 14
VisualStudioVersion = 14.0.25420.1
MinimumVisualStudioVersion = 10.0.40219.1
Project("{8BC9CEB8-8B4A-11D0-8D11-00A0C91BC942}") = "CxImage", "CxImage\cximage.vcxproj", "{2CD87E9B-53AB-4844-BED7-379E40F41D22}"
EndProject
Project("{8BC9CEB8-8B4A-11D0-8D11-00A0C91BC942}") = "CxImageCrtDll", "CxImage\CxImageDLL\CxImageCrtDll.vcxproj", "{5BA4AE32-DBF1-4D7B-B35E-A8A36BD267AA}"
EndProject
Project("{8BC9CEB8-8B4A-11D0-8D11-00A0C91BC942}") = "CxImageMfcDll", "CxImage\CxImageDLL\cximagemfcdll.vcxproj", "{E9A9C951-5C46-4634-83A7-723786A7E8B3}"
EndProject
Project("{8BC9CEB8-8B4A-11D0-8D11-00A0C91BC942}") = "GDIRotate", "rotate\GDIRotate.vcxproj", "{D731EBD4-3A41-4EE5-9B27-6170BD1B7FC5}"
EndProject
Project("{8BC9CEB8-8B4A-11D0-8D11-00A0C91BC942}") = "client", "client\client.vcxproj", "{E4F1E461-495B-4CBB-9FCD-5DCF10879D85}"
EndProject
Project("{8BC9CEB8-8B4A-11D0-8D11-00A0C91BC942}") = "dbtest", "dbtest\dbtest.vcxproj", "{09586648-FA1A-437C-AF8B-88313DFE27FF}"
EndProject
Project("{8BC9CEB8-8B4A-11D0-8D11-00A0C91BC942}") = "j2k", "j2k\j2k.vcxproj", "{F2035B98-95D9-48BA-AA17-45A538C48537}"
EndProject
Project("{8BC9CEB8-8B4A-11D0-8D11-00A0C91BC942}") = "jasper", "jasper\jasper.vcxproj", "{0AD734B5-5A2D-4057-A0D4-2A59694F0BB3}"
EndProject
Project("{8BC9CEB8-8B4A-11D0-8D11-00A0C91BC942}") = "jbig", "jbig\jbig.vcxproj", "{B7C5E643-D49B-45A2-8859-7960F41296DE}"
EndProject
Project("{8BC9CEB8-8B4A-11D0-8D11-00A0C91BC942}") = "jpeg", "jpeg\Jpeg.vcxproj", "{A1113A07-574A-46CD-841D-97302850713E}"
EndProject
Project("{8BC9CEB8-8B4A-11D0-8D11-00A0C91BC942}") = "png", "png\png.vcxproj", "{64EAE65D-B105-4874-B1B1-A75843C0FB8D}"
EndProject
Project("{8BC9CEB8-8B4A-11D0-8D11-00A0C91BC942}") = "serials", "serials\serials.vcxproj", "{64810AB6-7309-4369-B004-ADF0AE292250}"
EndProject
Project("{8BC9CEB8-8B4A-11D0-8D11-00A0C91BC942}") = "tiff", "tiff\Tiff.vcxproj", "{A1DB5069-D2CB-4C5F-B366-A1653AD8C7F5}"
EndProject
Project("{8BC9CEB8-8B4A-11D0-8D11-00A0C91BC942}") = "uniq", "uniq\uniq.vcxproj", "{E6054249-706F-4172-8D9D-9D0C3B2F7677}"
EndProject
Project("{8BC9CEB8-8B4A-11D0-8D11-00A0C91BC942}") = "vgrid", "vgrid\vgrid.vcxproj", "{C2F9D553-E695-4137-9B84-12A9C045F9E4}"
EndProject
Project("{8BC9CEB8-8B4A-11D0-8D11-00A0C91BC942}") = "xcal", "xcal\xcal.vcxproj", "{51886476-D2AD-4D15-84BF-14033F483656}"
EndProject
Project("{8BC9CEB8-8B4A-11D0-8D11-00A0C91BC942}") = "xraynotes", "app\xraynotes.vcxproj", "{62E75C2A-69D3-4FFA-AFF7-BA6612D7AF4E}"
EndProject
Project("{8BC9CEB8-8B4A-11D0-8D11-00A0C91BC942}") = "zlib", "zlib\zlib.vcxproj", "{BBCEB7C3-DA42-4869-B94C-5B6E065B9201}"
EndProject
Global
	GlobalSection(SolutionConfigurationPlatforms) = preSolution
		Debug|x86 = Debug|x86
		Release|x86 = Release|x86
		Template|x86 = Template|x86
	EndGlobalSection
	GlobalSection(ProjectConfigurationPlatforms) = postSolution
		{2CD87E9B-53AB-4844-BED7-379E40F41D22}.Debug|x86.ActiveCfg = Debug|Win32
		{2CD87E9B-53AB-4844-BED7-379E40F41D22}.Debug|x86.Build.0 = Debug|Win32
		{2CD87E9B-53AB-4844-BED7-379E40F41D22}.Release|x86.ActiveCfg = Release|Win32
		{2CD87E9B-53AB-4844-BED7-379E40F41D22}.Release|x86.Build.0 = Release|Win32
		{2CD87E9B-53AB-4844-BED7-379E40F41D22}.Template|x86.ActiveCfg = Release|Win32
		{2CD87E9B-53AB-4844-BED7-379E40F41D22}.Template|x86.Build.0 = Release|Win32
		{5BA4AE32-DBF1-4D7B-B35E-A8A36BD267AA}.Debug|x86.ActiveCfg = Debug|Win32
		{5BA4AE32-DBF1-4D7B-B35E-A8A36BD267AA}.Debug|x86.Build.0 = Debug|Win32
		{5BA4AE32-DBF1-4D7B-B35E-A8A36BD267AA}.Release|x86.ActiveCfg = Release|Win32
		{5BA4AE32-DBF1-4D7B-B35E-A8A36BD267AA}.Release|x86.Build.0 = Release|Win32
		{5BA4AE32-DBF1-4D7B-B35E-A8A36BD267AA}.Template|x86.ActiveCfg = Template|Win32
		{5BA4AE32-DBF1-4D7B-B35E-A8A36BD267AA}.Template|x86.Build.0 = Template|Win32
		{E9A9C951-5C46-4634-83A7-723786A7E8B3}.Debug|x86.ActiveCfg = Debug|Win32
		{E9A9C951-5C46-4634-83A7-723786A7E8B3}.Debug|x86.Build.0 = Debug|Win32
		{E9A9C951-5C46-4634-83A7-723786A7E8B3}.Release|x86.ActiveCfg = Release|Win32
		{E9A9C951-5C46-4634-83A7-723786A7E8B3}.Release|x86.Build.0 = Release|Win32
		{E9A9C951-5C46-4634-83A7-723786A7E8B3}.Template|x86.ActiveCfg = Template|Win32
		{E9A9C951-5C46-4634-83A7-723786A7E8B3}.Template|x86.Build.0 = Template|Win32
		{D731EBD4-3A41-4EE5-9B27-6170BD1B7FC5}.Debug|x86.ActiveCfg = Debug|Win32
		{D731EBD4-3A41-4EE5-9B27-6170BD1B7FC5}.Debug|x86.Build.0 = Debug|Win32
		{D731EBD4-3A41-4EE5-9B27-6170BD1B7FC5}.Release|x86.ActiveCfg = Release|Win32
		{D731EBD4-3A41-4EE5-9B27-6170BD1B7FC5}.Release|x86.Build.0 = Release|Win32
		{D731EBD4-3A41-4EE5-9B27-6170BD1B7FC5}.Template|x86.ActiveCfg = Template|Win32
		{D731EBD4-3A41-4EE5-9B27-6170BD1B7FC5}.Template|x86.Build.0 = Template|Win32
		{E4F1E461-495B-4CBB-9FCD-5DCF10879D85}.Debug|x86.ActiveCfg = Debug|Win32
		{E4F1E461-495B-4CBB-9FCD-5DCF10879D85}.Debug|x86.Build.0 = Debug|Win32
		{E4F1E461-495B-4CBB-9FCD-5DCF10879D85}.Release|x86.ActiveCfg = Release|Win32
		{E4F1E461-495B-4CBB-9FCD-5DCF10879D85}.Release|x86.Build.0 = Release|Win32
		{E4F1E461-495B-4CBB-9FCD-5DCF10879D85}.Template|x86.ActiveCfg = Template|Win32
		{E4F1E461-495B-4CBB-9FCD-5DCF10879D85}.Template|x86.Build.0 = Template|Win32
		{09586648-FA1A-437C-AF8B-88313DFE27FF}.Debug|x86.ActiveCfg = Debug|Win32
		{09586648-FA1A-437C-AF8B-88313DFE27FF}.Debug|x86.Build.0 = Debug|Win32
		{09586648-FA1A-437C-AF8B-88313DFE27FF}.Release|x86.ActiveCfg = Release|Win32
		{09586648-FA1A-437C-AF8B-88313DFE27FF}.Release|x86.Build.0 = Release|Win32
		{09586648-FA1A-437C-AF8B-88313DFE27FF}.Template|x86.ActiveCfg = Template|Win32
		{09586648-FA1A-437C-AF8B-88313DFE27FF}.Template|x86.Build.0 = Template|Win32
		{F2035B98-95D9-48BA-AA17-45A538C48537}.Debug|x86.ActiveCfg = Debug|Win32
		{F2035B98-95D9-48BA-AA17-45A538C48537}.Debug|x86.Build.0 = Debug|Win32
		{F2035B98-95D9-48BA-AA17-45A538C48537}.Release|x86.ActiveCfg = Release|Win32
		{F2035B98-95D9-48BA-AA17-45A538C48537}.Release|x86.Build.0 = Release|Win32
		{F2035B98-95D9-48BA-AA17-45A538C48537}.Template|x86.ActiveCfg = Template|Win32
		{F2035B98-95D9-48BA-AA17-45A538C48537}.Template|x86.Build.0 = Template|Win32
		{0AD734B5-5A2D-4057-A0D4-2A59694F0BB3}.Debug|x86.ActiveCfg = Debug|Win32
		{0AD734B5-5A2D-4057-A0D4-2A59694F0BB3}.Debug|x86.Build.0 = Debug|Win32
		{0AD734B5-5A2D-4057-A0D4-2A59694F0BB3}.Release|x86.ActiveCfg = Release|Win32
		{0AD734B5-5A2D-4057-A0D4-2A59694F0BB3}.Release|x86.Build.0 = Release|Win32
		{0AD734B5-5A2D-4057-A0D4-2A59694F0BB3}.Template|x86.ActiveCfg = Template|Win32
		{0AD734B5-5A2D-4057-A0D4-2A59694F0BB3}.Template|x86.Build.0 = Template|Win32
		{B7C5E643-D49B-45A2-8859-7960F41296DE}.Debug|x86.ActiveCfg = Debug|Win32
		{B7C5E643-D49B-45A2-8859-7960F41296DE}.Debug|x86.Build.0 = Debug|Win32
		{B7C5E643-D49B-45A2-8859-7960F41296DE}.Release|x86.ActiveCfg = Release|Win32
		{B7C5E643-D49B-45A2-8859-7960F41296DE}.Release|x86.Build.0 = Release|Win32
		{B7C5E643-D49B-45A2-8859-7960F41296DE}.Template|x86.ActiveCfg = Template|Win32
		{B7C5E643-D49B-45A2-8859-7960F41296DE}.Template|x86.Build.0 = Template|Win32
		{A1113A07-574A-46CD-841D-97302850713E}.Debug|x86.ActiveCfg = Debug|Win32
		{A1113A07-574A-46CD-841D-97302850713E}.Debug|x86.Build.0 = Debug|Win32
		{A1113A07-574A-46CD-841D-97302850713E}.Release|x86.ActiveCfg = Release|Win32
		{A1113A07-574A-46CD-841D-97302850713E}.Release|x86.Build.0 = Release|Win32
		{A1113A07-574A-46CD-841D-97302850713E}.Template|x86.ActiveCfg = Template|Win32
		{A1113A07-574A-46CD-841D-97302850713E}.Template|x86.Build.0 = Template|Win32
		{64EAE65D-B105-4874-B1B1-A75843C0FB8D}.Debug|x86.ActiveCfg = Debug|Win32
		{64EAE65D-B105-4874-B1B1-A75843C0FB8D}.Debug|x86.Build.0 = Debug|Win32
		{64EAE65D-B105-4874-B1B1-A75843C0FB8D}.Release|x86.ActiveCfg = Release|Win32
		{64EAE65D-B105-4874-B1B1-A75843C0FB8D}.Release|x86.Build.0 = Release|Win32
		{64EAE65D-B105-4874-B1B1-A75843C0FB8D}.Template|x86.ActiveCfg = Template|Win32
		{64EAE65D-B105-4874-B1B1-A75843C0FB8D}.Template|x86.Build.0 = Template|Win32
		{64810AB6-7309-4369-B004-ADF0AE292250}.Debug|x86.ActiveCfg = Debug|Win32
		{64810AB6-7309-4369-B004-ADF0AE292250}.Debug|x86.Build.0 = Debug|Win32
		{64810AB6-7309-4369-B004-ADF0AE292250}.Release|x86.ActiveCfg = Release|Win32
		{64810AB6-7309-4369-B004-ADF0AE292250}.Release|x86.Build.0 = Release|Win32
		{64810AB6-7309-4369-B004-ADF0AE292250}.Template|x86.ActiveCfg = Template|Win32
		{64810AB6-7309-4369-B004-ADF0AE292250}.Template|x86.Build.0 = Template|Win32
		{A1DB5069-D2CB-4C5F-B366-A1653AD8C7F5}.Debug|x86.ActiveCfg = Debug|Win32
		{A1DB5069-D2CB-4C5F-B366-A1653AD8C7F5}.Debug|x86.Build.0 = Debug|Win32
		{A1DB5069-D2CB-4C5F-B366-A1653AD8C7F5}.Release|x86.ActiveCfg = Release|Win32
		{A1DB5069-D2CB-4C5F-B366-A1653AD8C7F5}.Release|x86.Build.0 = Release|Win32
		{A1DB5069-D2CB-4C5F-B366-A1653AD8C7F5}.Template|x86.ActiveCfg = Template|Win32
		{A1DB5069-D2CB-4C5F-B366-A1653AD8C7F5}.Template|x86.Build.0 = Template|Win32
		{E6054249-706F-4172-8D9D-9D0C3B2F7677}.Debug|x86.ActiveCfg = Debug|Win32
		{E6054249-706F-4172-8D9D-9D0C3B2F7677}.Debug|x86.Build.0 = Debug|Win32
		{E6054249-706F-4172-8D9D-9D0C3B2F7677}.Release|x86.ActiveCfg = Release|Win32
		{E6054249-706F-4172-8D9D-9D0C3B2F7677}.Release|x86.Build.0 = Release|Win32
		{E6054249-706F-4172-8D9D-9D0C3B2F7677}.Template|x86.ActiveCfg = Template|Win32
		{E6054249-706F-4172-8D9D-9D0C3B2F7677}.Template|x86.Build.0 = Template|Win32
		{C2F9D553-E695-4137-9B84-12A9C045F9E4}.Debug|x86.ActiveCfg = Debug|Win32
		{C2F9D553-E695-4137-9B84-12A9C045F9E4}.Debug|x86.Build.0 = Debug|Win32
		{C2F9D553-E695-4137-9B84-12A9C045F9E4}.Release|x86.ActiveCfg = Release|Win32
		{C2F9D553-E695-4137-9B84-12A9C045F9E4}.Release|x86.Build.0 = Release|Win32
		{C2F9D553-E695-4137-9B84-12A9C045F9E4}.Template|x86.ActiveCfg = Template|Win32
		{C2F9D553-E695-4137-9B84-12A9C045F9E4}.Template|x86.Build.0 = Template|Win32
		{51886476-D2AD-4D15-84BF-14033F483656}.Debug|x86.ActiveCfg = Debug|Win32
		{51886476-D2AD-4D15-84BF-14033F483656}.Debug|x86.Build.0 = Debug|Win32
		{51886476-D2AD-4D15-84BF-14033F483656}.Release|x86.ActiveCfg = Release|Win32
		{51886476-D2AD-4D15-84BF-14033F483656}.Release|x86.Build.0 = Release|Win32
		{51886476-D2AD-4D15-84BF-14033F483656}.Template|x86.ActiveCfg = Template|Win32
		{51886476-D2AD-4D15-84BF-14033F483656}.Template|x86.Build.0 = Template|Win32
		{62E75C2A-69D3-4FFA-AFF7-BA6612D7AF4E}.Debug|x86.ActiveCfg = Debug|Win32
		{62E75C2A-69D3-4FFA-AFF7-BA6612D7AF4E}.Debug|x86.Build.0 = Debug|Win32
		{62E75C2A-69D3-4FFA-AFF7-BA6612D7AF4E}.Release|x86.ActiveCfg = Release|Win32
		{62E75C2A-69D3-4FFA-AFF7-BA6612D7AF4E}.Release|x86.Build.0 = Release|Win32
		{62E75C2A-69D3-4FFA-AFF7-BA6612D7AF4E}.Template|x86.ActiveCfg = Template|Win32
		{62E75C2A-69D3-4FFA-AFF7-BA6612D7AF4E}.Template|x86.Build.0 = Template|Win32
		{BBCEB7C3-DA42-4869-B94C-5B6E065B9201}.Debug|x86.ActiveCfg = Debug|Win32
		{BBCEB7C3-DA42-4869-B94C-5B6E065B9201}.Debug|x86.Build.0 = Debug|Win32
		{BBCEB7C3-DA42-4869-B94C-5B6E065B9201}.Release|x86.ActiveCfg = Release|Win32
		{BBCEB7C3-DA42-4869-B94C-5B6E065B9201}.Release|x86.Build.0 = Release|Win32
		{BBCEB7C3-DA42-4869-B94C-5B6E065B9201}.Template|x86.ActiveCfg = Template|Win32
		{BBCEB7C3-DA42-4869-B94C-5B6E065B9201}.Template|x86.Build.0 = Template|Win32
	EndGlobalSection
	GlobalSection(SolutionProperties) = preSolution
		HideSolutionNode = FALSE
	EndGlobalSection
EndGlobal
