<?xml version="1.0" encoding="utf-8"?>
<Project ToolsVersion="4.0" xmlns="http://schemas.microsoft.com/developer/msbuild/2003">
  <ItemGroup>
    <Filter Include="Source Files">
      <UniqueIdentifier>{3b7bb19d-f471-4773-8575-43a0097c120a}</UniqueIdentifier>
      <Extensions>cpp;c;cxx;rc;def;r;odl;idl;hpj;bat</Extensions>
    </Filter>
    <Filter Include="Header Files">
      <UniqueIdentifier>{2642e6aa-2be5-48d4-9237-210a0341f3e3}</UniqueIdentifier>
      <Extensions>h;hpp;hxx;hm;inl</Extensions>
    </Filter>
    <Filter Include="Resource Files">
      <UniqueIdentifier>{96016395-2a12-4396-94e3-5332528bbbda}</UniqueIdentifier>
      <Extensions>ico;cur;bmp;dlg;rc2;rct;bin;rgs;gif;jpg;jpeg;jpe</Extensions>
    </Filter>
    <Filter Include="Help Files">
      <UniqueIdentifier>{c8e213a5-6154-416f-b26b-619bfef7a543}</UniqueIdentifier>
      <Extensions>cnt;rtf</Extensions>
    </Filter>
  </ItemGroup>
  <ItemGroup>
    <ClCompile Include="2dCtl.cpp">
      <Filter>Source Files</Filter>
    </ClCompile>
    <ClCompile Include="AddrEntry.cpp">
      <Filter>Source Files</Filter>
    </ClCompile>
    <ClCompile Include="AlaDlg.cpp">
      <Filter>Source Files</Filter>
    </ClCompile>
    <ClCompile Include="Alpha.cpp">
      <Filter>Source Files</Filter>
    </ClCompile>
    <ClCompile Include="BaseWnd.cpp">
      <Filter>Source Files</Filter>
    </ClCompile>
    <ClCompile Include="BmpButt.cpp">
      <Filter>Source Files</Filter>
    </ClCompile>
    <ClCompile Include="BmpDC.cpp">
      <Filter>Source Files</Filter>
    </ClCompile>
    <ClCompile Include="BriCon.cpp">
      <Filter>Source Files</Filter>
    </ClCompile>
    <ClCompile Include="CalCtrl.cpp">
      <Filter>Source Files</Filter>
    </ClCompile>
    <ClCompile Include="calen.cpp">
      <Filter>Source Files</Filter>
    </ClCompile>
    <ClCompile Include="Chevron.cpp">
      <Filter>Source Files</Filter>
    </ClCompile>
    <ClCompile Include="CLayImg.cpp">
      <Filter>Source Files</Filter>
    </ClCompile>
    <ClCompile Include="CodeEd.cpp">
      <Filter>Source Files</Filter>
    </ClCompile>
    <ClCompile Include="ColDlg.cpp">
      <Filter>Source Files</Filter>
    </ClCompile>
    <ClCompile Include="CommLine.cpp">
      <Filter>Source Files</Filter>
    </ClCompile>
    <ClCompile Include="CTimeCtrl.cpp">
      <Filter>Source Files</Filter>
    </ClCompile>
    <ClCompile Include="Curve.cpp">
      <Filter>Source Files</Filter>
    </ClCompile>
    <ClCompile Include="CurveDlg.cpp">
      <Filter>Source Files</Filter>
    </ClCompile>
    <ClCompile Include="DateSel.cpp">
      <Filter>Source Files</Filter>
    </ClCompile>
    <ClCompile Include="DBMain.cpp">
      <Filter>Source Files</Filter>
    </ClCompile>
    <ClCompile Include="DiagList.cpp">
      <Filter>Source Files</Filter>
    </ClCompile>
    <ClCompile Include="DicomFile.cpp">
      <Filter>Source Files</Filter>
    </ClCompile>
    <ClCompile Include="DicomWin.cpp">
      <Filter>Source Files</Filter>
    </ClCompile>
    <ClCompile Include="DiMore.cpp">
      <Filter>Source Files</Filter>
    </ClCompile>
    <ClCompile Include="do3dp.cpp">
      <Filter>Source Files</Filter>
    </ClCompile>
    <ClCompile Include="DocList.cpp">
      <Filter>Source Files</Filter>
    </ClCompile>
    <ClCompile Include="EditEx.cpp">
      <Filter>Source Files</Filter>
    </ClCompile>
    <ClCompile Include="EventDlg.cpp">
      <Filter>Source Files</Filter>
    </ClCompile>
    <ClCompile Include="FileDialogST.cpp">
      <Filter>Source Files</Filter>
    </ClCompile>
    <ClCompile Include="Flag.cpp">
      <Filter>Source Files</Filter>
    </ClCompile>
    <ClCompile Include="Flyout.cpp">
      <Filter>Source Files</Filter>
    </ClCompile>
    <ClCompile Include="GdiRot.cpp">
      <Filter>Source Files</Filter>
    </ClCompile>
    <ClCompile Include="gestureDlg.cpp">
      <Filter>Source Files</Filter>
    </ClCompile>
    <ClCompile Include="GetText.cpp">
      <Filter>Source Files</Filter>
    </ClCompile>
    <ClCompile Include="..\..\..\common\work\GrayDlg.cpp">
      <Filter>Source Files</Filter>
    </ClCompile>
    <ClCompile Include="HistoryDlg.cpp">
      <Filter>Source Files</Filter>
    </ClCompile>
    <ClCompile Include="HShield.cpp">
      <Filter>Source Files</Filter>
    </ClCompile>
    <ClCompile Include="INeuNet.cpp">
      <Filter>Source Files</Filter>
    </ClCompile>
    <ClCompile Include="INeuron.cpp">
      <Filter>Source Files</Filter>
    </ClCompile>
    <ClCompile Include="..\..\..\common\work\label.cpp">
      <Filter>Source Files</Filter>
    </ClCompile>
    <ClCompile Include="LayCirc.cpp">
      <Filter>Source Files</Filter>
    </ClCompile>
    <ClCompile Include="Layer.cpp">
      <Filter>Source Files</Filter>
    </ClCompile>
    <ClCompile Include="LayLines.cpp">
      <Filter>Source Files</Filter>
    </ClCompile>
    <ClCompile Include="LayRect.cpp">
      <Filter>Source Files</Filter>
    </ClCompile>
    <ClCompile Include="LaySline.cpp">
      <Filter>Source Files</Filter>
    </ClCompile>
    <ClCompile Include="LayText.cpp">
      <Filter>Source Files</Filter>
    </ClCompile>
    <ClCompile Include="lcd7.cpp">
      <Filter>Source Files</Filter>
    </ClCompile>
    <ClCompile Include="LevenStein.cpp">
      <Filter>Source Files</Filter>
    </ClCompile>
    <ClCompile Include="Light.cpp">
      <Filter>Source Files</Filter>
    </ClCompile>
    <ClCompile Include="lineProp.cpp">
      <Filter>Source Files</Filter>
    </ClCompile>
    <ClCompile Include="lines.cpp">
      <Filter>Source Files</Filter>
    </ClCompile>
    <ClCompile Include="MagDlg.cpp">
      <Filter>Source Files</Filter>
    </ClCompile>
    <ClCompile Include="MagWnd.cpp">
      <Filter>Source Files</Filter>
    </ClCompile>
    <ClCompile Include="MedReg.cpp">
      <Filter>Source Files</Filter>
    </ClCompile>
    <ClCompile Include="memdc.cpp">
      <Filter>Source Files</Filter>
    </ClCompile>
    <ClCompile Include="..\..\..\common\work\misc.cpp">
      <Filter>Source Files</Filter>
    </ClCompile>
    <ClCompile Include="MsgBox.cpp">
      <Filter>Source Files</Filter>
    </ClCompile>
    <ClCompile Include="..\..\..\common\work\multimon.cpp">
      <Filter>Source Files</Filter>
    </ClCompile>
    <ClCompile Include="..\..\..\common\work\mxpad.cpp">
      <Filter>Source Files</Filter>
    </ClCompile>
    <ClCompile Include="parse.cpp">
      <Filter>Source Files</Filter>
    </ClCompile>
    <ClCompile Include="PatDmg.cpp">
      <Filter>Source Files</Filter>
    </ClCompile>
    <ClCompile Include="pcSelection.cpp">
      <Filter>Source Files</Filter>
    </ClCompile>
    <ClCompile Include="..\..\..\common\work\PersistDlg.cpp">
      <Filter>Source Files</Filter>
    </ClCompile>
    <ClCompile Include="PGedit.cpp">
      <Filter>Source Files</Filter>
    </ClCompile>
    <ClCompile Include="PGtree.cpp">
      <Filter>Source Files</Filter>
    </ClCompile>
    <ClCompile Include="PicList.cpp">
      <Filter>Source Files</Filter>
    </ClCompile>
    <ClCompile Include="PicSel.cpp">
      <Filter>Source Files</Filter>
    </ClCompile>
    <ClCompile Include="Plot.cpp">
      <Filter>Source Files</Filter>
    </ClCompile>
    <ClCompile Include="PlotDlg.cpp">
      <Filter>Source Files</Filter>
    </ClCompile>
    <ClCompile Include="..\..\..\common\work\Popup.cpp">
      <Filter>Source Files</Filter>
    </ClCompile>
    <ClCompile Include="prl.cpp">
      <Filter>Source Files</Filter>
    </ClCompile>
    <ClCompile Include="ProcDlg.cpp">
      <Filter>Source Files</Filter>
    </ClCompile>
    <ClCompile Include="PRocList.cpp">
      <Filter>Source Files</Filter>
    </ClCompile>
    <ClCompile Include="pybind.cpp">
      <Filter>Source Files</Filter>
    </ClCompile>
    <ClCompile Include="PyGlg.cpp">
      <Filter>Source Files</Filter>
    </ClCompile>
    <ClCompile Include="ScrKbd.cpp">
      <Filter>Source Files</Filter>
    </ClCompile>
    <ClCompile Include="SelHelper.cpp">
      <Filter>Source Files</Filter>
    </ClCompile>
    <ClCompile Include="sellist.cpp">
      <Filter>Source Files</Filter>
    </ClCompile>
    <ClCompile Include="shades.cpp">
      <Filter>Source Files</Filter>
    </ClCompile>
    <ClCompile Include="shadesDlg.cpp">
      <Filter>Source Files</Filter>
    </ClCompile>
    <ClCompile Include="ShadesFunc.cpp">
      <Filter>Source Files</Filter>
    </ClCompile>
    <ClCompile Include="ShadesHelp.cpp">
      <Filter>Source Files</Filter>
    </ClCompile>
    <ClCompile Include="ShadesSel.cpp">
      <Filter>Source Files</Filter>
    </ClCompile>
    <ClCompile Include="ShapeProp.cpp">
      <Filter>Source Files</Filter>
    </ClCompile>
    <ClCompile Include="SimpleGrid.cpp">
      <Filter>Source Files</Filter>
    </ClCompile>
    <ClCompile Include="Splash.cpp">
      <Filter>Source Files</Filter>
    </ClCompile>
    <ClCompile Include="Status.cpp">
      <Filter>Source Files</Filter>
    </ClCompile>
    <ClCompile Include="StdAfx.cpp">
      <Filter>Source Files</Filter>
    </ClCompile>
    <ClCompile Include="Support.cpp">
      <Filter>Source Files</Filter>
    </ClCompile>
    <ClCompile Include="TestDlg.cpp">
      <Filter>Source Files</Filter>
    </ClCompile>
    <ClCompile Include="TextMode.cpp">
      <Filter>Source Files</Filter>
    </ClCompile>
    <ClCompile Include="TextProp.cpp">
      <Filter>Source Files</Filter>
    </ClCompile>
    <ClCompile Include="tools.cpp">
      <Filter>Source Files</Filter>
    </ClCompile>
    <ClCompile Include="ToolShow.cpp">
      <Filter>Source Files</Filter>
    </ClCompile>
    <ClCompile Include="Transcript.cpp">
      <Filter>Source Files</Filter>
    </ClCompile>
    <ClCompile Include="transprog.cpp">
      <Filter>Source Files</Filter>
    </ClCompile>
    <ClCompile Include="TransSlider.cpp">
      <Filter>Source Files</Filter>
    </ClCompile>
    <ClCompile Include="TransStatic.cpp">
      <Filter>Source Files</Filter>
    </ClCompile>
    <ClCompile Include="Triangle.cpp">
      <Filter>Source Files</Filter>
    </ClCompile>
    <ClCompile Include="UniqID.cpp">
      <Filter>Source Files</Filter>
    </ClCompile>
    <ClCompile Include="xcalDlg.cpp">
      <Filter>Source Files</Filter>
    </ClCompile>
    <ClCompile Include="xCalen.cpp">
      <Filter>Source Files</Filter>
    </ClCompile>
    <ClCompile Include="xConfig.cpp">
      <Filter>Source Files</Filter>
    </ClCompile>
    <ClCompile Include="xFile.cpp">
      <Filter>Source Files</Filter>
    </ClCompile>
    <ClCompile Include="xImg.cpp">
      <Filter>Source Files</Filter>
    </ClCompile>
    <ClCompile Include="xntmask.cpp">
      <Filter>Source Files</Filter>
    </ClCompile>
    <ClCompile Include="xPtrArr.cpp">
      <Filter>Source Files</Filter>
    </ClCompile>
    <ClCompile Include="XrayDoc.cpp">
      <Filter>Source Files</Filter>
    </ClCompile>
    <ClCompile Include="..\..\..\common\work\XrayM.cpp">
      <Filter>Source Files</Filter>
    </ClCompile>
    <ClCompile Include="xRect.cpp">
      <Filter>Source Files</Filter>
    </ClCompile>
    <ClCompile Include="xScroll.cpp">
      <Filter>Source Files</Filter>
    </ClCompile>
    <ClCompile Include="xStr.cpp">
      <Filter>Source Files</Filter>
    </ClCompile>
    <ClCompile Include="xTargetButton.cpp">
      <Filter>Source Files</Filter>
    </ClCompile>
    <ClCompile Include="xTracker.cpp">
      <Filter>Source Files</Filter>
    </ClCompile>
    <ClCompile Include="xyzDlg.cpp">
      <Filter>Source Files</Filter>
    </ClCompile>
    <ClCompile Include="yScroll.cpp">
      <Filter>Source Files</Filter>
    </ClCompile>
  </ItemGroup>
  <ItemGroup>
    <ClInclude Include="AddrEntry.h">
      <Filter>Source Files</Filter>
    </ClInclude>
    <ClInclude Include="calen.h">
      <Filter>Source Files</Filter>
    </ClInclude>
    <ClInclude Include="CodeEd.h">
      <Filter>Source Files</Filter>
    </ClInclude>
    <ClInclude Include="..\..\..\common\work\GrayDlg.h">
      <Filter>Source Files</Filter>
    </ClInclude>
    <ClInclude Include="..\..\..\common\work\label.h">
      <Filter>Source Files</Filter>
    </ClInclude>
    <ClInclude Include="..\..\..\common\work\misc.h">
      <Filter>Source Files</Filter>
    </ClInclude>
    <ClInclude Include="..\..\..\common\work\mxpad.h">
      <Filter>Source Files</Filter>
    </ClInclude>
    <ClInclude Include="..\..\..\common\work\PersistDlg.h">
      <Filter>Source Files</Filter>
    </ClInclude>
    <ClInclude Include="..\..\..\common\work\Popup.h">
      <Filter>Source Files</Filter>
    </ClInclude>
    <ClInclude Include="prl.h">
      <Filter>Source Files</Filter>
    </ClInclude>
    <ClInclude Include="..\..\..\common\work\XrayM.h">
      <Filter>Source Files</Filter>
    </ClInclude>
    <ClInclude Include="2dCtl.h">
      <Filter>Header Files</Filter>
    </ClInclude>
    <ClInclude Include="about.h">
      <Filter>Header Files</Filter>
    </ClInclude>
    <ClInclude Include="AddrEntry1.h">
      <Filter>Header Files</Filter>
    </ClInclude>
    <ClInclude Include="AlaDlg.h">
      <Filter>Header Files</Filter>
    </ClInclude>
    <ClInclude Include="Alpha.h">
      <Filter>Header Files</Filter>
    </ClInclude>
    <ClInclude Include="BaseWnd.h">
      <Filter>Header Files</Filter>
    </ClInclude>
    <ClInclude Include="BmpButt.h">
      <Filter>Header Files</Filter>
    </ClInclude>
    <ClInclude Include="BmpDC.h">
      <Filter>Header Files</Filter>
    </ClInclude>
    <ClInclude Include="BriCon.h">
      <Filter>Header Files</Filter>
    </ClInclude>
    <ClInclude Include="CalCtrl.h">
      <Filter>Header Files</Filter>
    </ClInclude>
    <ClInclude Include="Chevron.h">
      <Filter>Header Files</Filter>
    </ClInclude>
    <ClInclude Include="ColDlg.h">
      <Filter>Header Files</Filter>
    </ClInclude>
    <ClInclude Include="CommLine.h">
      <Filter>Header Files</Filter>
    </ClInclude>
    <ClInclude Include="CTimeCtrl.h">
      <Filter>Header Files</Filter>
    </ClInclude>
    <ClInclude Include="Curve.h">
      <Filter>Header Files</Filter>
    </ClInclude>
    <ClInclude Include="CurveDlg.h">
      <Filter>Header Files</Filter>
    </ClInclude>
    <ClInclude Include="DateSel.h">
      <Filter>Header Files</Filter>
    </ClInclude>
    <ClInclude Include="dbdef.h">
      <Filter>Header Files</Filter>
    </ClInclude>
    <ClInclude Include="DBMain.h">
      <Filter>Header Files</Filter>
    </ClInclude>
    <ClInclude Include="DiagList.h">
      <Filter>Header Files</Filter>
    </ClInclude>
    <ClInclude Include="DicomFile.h">
      <Filter>Header Files</Filter>
    </ClInclude>
    <ClInclude Include="DicomWin.h">
      <Filter>Header Files</Filter>
    </ClInclude>
    <ClInclude Include="DiMore.h">
      <Filter>Header Files</Filter>
    </ClInclude>
    <ClInclude Include="do3dp.h">
      <Filter>Header Files</Filter>
    </ClInclude>
    <ClInclude Include="DocList.h">
      <Filter>Header Files</Filter>
    </ClInclude>
    <ClInclude Include="EditEx.h">
      <Filter>Header Files</Filter>
    </ClInclude>
    <ClInclude Include="EventDlg.h">
      <Filter>Header Files</Filter>
    </ClInclude>
    <ClInclude Include="FileDialogST.h">
      <Filter>Header Files</Filter>
    </ClInclude>
    <ClInclude Include="Flag.h">
      <Filter>Header Files</Filter>
    </ClInclude>
    <ClInclude Include="Flyout.h">
      <Filter>Header Files</Filter>
    </ClInclude>
    <ClInclude Include="GdiRot.h">
      <Filter>Header Files</Filter>
    </ClInclude>
    <ClInclude Include="gestureDlg.h">
      <Filter>Header Files</Filter>
    </ClInclude>
    <ClInclude Include="GetText.h">
      <Filter>Header Files</Filter>
    </ClInclude>
    <ClInclude Include="helperdlgs.h">
      <Filter>Header Files</Filter>
    </ClInclude>
    <ClInclude Include="HistoryDlg.h">
      <Filter>Header Files</Filter>
    </ClInclude>
    <ClInclude Include="HShield.h">
      <Filter>Header Files</Filter>
    </ClInclude>
    <ClInclude Include="INeuNet.h">
      <Filter>Header Files</Filter>
    </ClInclude>
    <ClInclude Include="INeuron.h">
      <Filter>Header Files</Filter>
    </ClInclude>
    <ClInclude Include="LayCirc.h">
      <Filter>Header Files</Filter>
    </ClInclude>
    <ClInclude Include="Layer.h">
      <Filter>Header Files</Filter>
    </ClInclude>
    <ClInclude Include="LayImg.h">
      <Filter>Header Files</Filter>
    </ClInclude>
    <ClInclude Include="LayLines.h">
      <Filter>Header Files</Filter>
    </ClInclude>
    <ClInclude Include="LayRect.h">
      <Filter>Header Files</Filter>
    </ClInclude>
    <ClInclude Include="LaySline.h">
      <Filter>Header Files</Filter>
    </ClInclude>
    <ClInclude Include="LayText.h">
      <Filter>Header Files</Filter>
    </ClInclude>
    <ClInclude Include="lcd7.h">
      <Filter>Header Files</Filter>
    </ClInclude>
    <ClInclude Include="LevenStein.h">
      <Filter>Header Files</Filter>
    </ClInclude>
    <ClInclude Include="Light.h">
      <Filter>Header Files</Filter>
    </ClInclude>
    <ClInclude Include="lineProp.h">
      <Filter>Header Files</Filter>
    </ClInclude>
    <ClInclude Include="lines.h">
      <Filter>Header Files</Filter>
    </ClInclude>
    <ClInclude Include="MagDlg.h">
      <Filter>Header Files</Filter>
    </ClInclude>
    <ClInclude Include="MagWnd.h">
      <Filter>Header Files</Filter>
    </ClInclude>
    <ClInclude Include="MedReg.h">
      <Filter>Header Files</Filter>
    </ClInclude>
    <ClInclude Include="memdc.h">
      <Filter>Header Files</Filter>
    </ClInclude>
    <ClInclude Include="MsgBox.h">
      <Filter>Header Files</Filter>
    </ClInclude>
    <ClInclude Include="..\..\..\common\work\multimon.h">
      <Filter>Header Files</Filter>
    </ClInclude>
    <ClInclude Include="parse.h">
      <Filter>Header Files</Filter>
    </ClInclude>
    <ClInclude Include="PatDmg.h">
      <Filter>Header Files</Filter>
    </ClInclude>
    <ClInclude Include="pcSelection.h">
      <Filter>Header Files</Filter>
    </ClInclude>
    <ClInclude Include="PGedit.h">
      <Filter>Header Files</Filter>
    </ClInclude>
    <ClInclude Include="PGtree.h">
      <Filter>Header Files</Filter>
    </ClInclude>
    <ClInclude Include="PicList.h">
      <Filter>Header Files</Filter>
    </ClInclude>
    <ClInclude Include="PicSel.h">
      <Filter>Header Files</Filter>
    </ClInclude>
    <ClInclude Include="Plot.h">
      <Filter>Header Files</Filter>
    </ClInclude>
    <ClInclude Include="PlotDlg.h">
      <Filter>Header Files</Filter>
    </ClInclude>
    <ClInclude Include="ProcDlg.h">
      <Filter>Header Files</Filter>
    </ClInclude>
    <ClInclude Include="PRocList.h">
      <Filter>Header Files</Filter>
    </ClInclude>
    <ClInclude Include="PyGlg.h">
      <Filter>Header Files</Filter>
    </ClInclude>
    <ClInclude Include="ScrKbd.h">
      <Filter>Header Files</Filter>
    </ClInclude>
    <ClInclude Include="SelHelper.h">
      <Filter>Header Files</Filter>
    </ClInclude>
    <ClInclude Include="sellist.h">
      <Filter>Header Files</Filter>
    </ClInclude>
    <ClInclude Include="shades.h">
      <Filter>Header Files</Filter>
    </ClInclude>
    <ClInclude Include="shadesDlg.h">
      <Filter>Header Files</Filter>
    </ClInclude>
    <ClInclude Include="ShadesFunc.h">
      <Filter>Header Files</Filter>
    </ClInclude>
    <ClInclude Include="ShadesHelp.h">
      <Filter>Header Files</Filter>
    </ClInclude>
    <ClInclude Include="ShadesSel.h">
      <Filter>Header Files</Filter>
    </ClInclude>
    <ClInclude Include="ShapeProp.h">
      <Filter>Header Files</Filter>
    </ClInclude>
    <ClInclude Include="SimpleGrid.h">
      <Filter>Header Files</Filter>
    </ClInclude>
    <ClInclude Include="Splash.h">
      <Filter>Header Files</Filter>
    </ClInclude>
    <ClInclude Include="Status.h">
      <Filter>Header Files</Filter>
    </ClInclude>
    <ClInclude Include="StdAfx.h">
      <Filter>Header Files</Filter>
    </ClInclude>
    <ClInclude Include="Support.h">
      <Filter>Header Files</Filter>
    </ClInclude>
    <ClInclude Include="TestDlg.h">
      <Filter>Header Files</Filter>
    </ClInclude>
    <ClInclude Include="TextMode.h">
      <Filter>Header Files</Filter>
    </ClInclude>
    <ClInclude Include="TextProp.h">
      <Filter>Header Files</Filter>
    </ClInclude>
    <ClInclude Include="tooldef.h">
      <Filter>Header Files</Filter>
    </ClInclude>
    <ClInclude Include="tools.h">
      <Filter>Header Files</Filter>
    </ClInclude>
    <ClInclude Include="ToolShow.h">
      <Filter>Header Files</Filter>
    </ClInclude>
    <ClInclude Include="Transcript.h">
      <Filter>Header Files</Filter>
    </ClInclude>
    <ClInclude Include="transprog.h">
      <Filter>Header Files</Filter>
    </ClInclude>
    <ClInclude Include="TransSlider.h">
      <Filter>Header Files</Filter>
    </ClInclude>
    <ClInclude Include="TransStatic.h">
      <Filter>Header Files</Filter>
    </ClInclude>
    <ClInclude Include="Triangle.h">
      <Filter>Header Files</Filter>
    </ClInclude>
    <ClInclude Include="UniqID.h">
      <Filter>Header Files</Filter>
    </ClInclude>
    <ClInclude Include="worker.h">
      <Filter>Header Files</Filter>
    </ClInclude>
    <ClInclude Include="xcalDlg.h">
      <Filter>Header Files</Filter>
    </ClInclude>
    <ClInclude Include="xCalen.h">
      <Filter>Header Files</Filter>
    </ClInclude>
    <ClInclude Include="xConfig.h">
      <Filter>Header Files</Filter>
    </ClInclude>
    <ClInclude Include="xFile.h">
      <Filter>Header Files</Filter>
    </ClInclude>
    <ClInclude Include="xImg.h">
      <Filter>Header Files</Filter>
    </ClInclude>
    <ClInclude Include="XntMask.h">
      <Filter>Header Files</Filter>
    </ClInclude>
    <ClInclude Include="xPtrArr.h">
      <Filter>Header Files</Filter>
    </ClInclude>
    <ClInclude Include="XrayDoc.h">
      <Filter>Header Files</Filter>
    </ClInclude>
    <ClInclude Include="xraynotes.h">
      <Filter>Header Files</Filter>
    </ClInclude>
    <ClInclude Include="xRect.h">
      <Filter>Header Files</Filter>
    </ClInclude>
    <ClInclude Include="xScroll.h">
      <Filter>Header Files</Filter>
    </ClInclude>
    <ClInclude Include="xStr.h">
      <Filter>Header Files</Filter>
    </ClInclude>
    <ClInclude Include="xTargetButton.h">
      <Filter>Header Files</Filter>
    </ClInclude>
    <ClInclude Include="xTracker.h">
      <Filter>Header Files</Filter>
    </ClInclude>
    <ClInclude Include="xyzDlg.h">
      <Filter>Header Files</Filter>
    </ClInclude>
    <ClInclude Include="yScroll.h">
      <Filter>Header Files</Filter>
    </ClInclude>
  </ItemGroup>
  <ItemGroup>
    <ResourceCompile Include="xraynotes.rc">
      <Filter>Source Files</Filter>
    </ResourceCompile>
  </ItemGroup>
  <ItemGroup>
    <Image Include="res\aestheticzone.bmp">
      <Filter>Resource Files</Filter>
    </Image>
    <Image Include="res\appoint.bmp">
      <Filter>Resource Files</Filter>
    </Image>
    <Image Include="res\assets.bmp">
      <Filter>Resource Files</Filter>
    </Image>
    <Image Include="res\beach.BMP">
      <Filter>Resource Files</Filter>
    </Image>
    <Image Include="res\bg.bmp">
      <Filter>Resource Files</Filter>
    </Image>
    <Image Include="res\bg2.bmp">
      <Filter>Resource Files</Filter>
    </Image>
    <Image Include="res\bg3.bmp">
      <Filter>Resource Files</Filter>
    </Image>
    <Image Include="res\bitmap1.bmp">
      <Filter>Resource Files</Filter>
    </Image>
    <Image Include="res\bitmap18.bmp">
      <Filter>Resource Files</Filter>
    </Image>
    <Image Include="res\bitmap20.bmp">
      <Filter>Resource Files</Filter>
    </Image>
    <Image Include="res\bitmap21.bmp">
      <Filter>Resource Files</Filter>
    </Image>
    <Image Include="res\bitmap22.bmp">
      <Filter>Resource Files</Filter>
    </Image>
    <Image Include="res\bitmap23.bmp">
      <Filter>Resource Files</Filter>
    </Image>
    <Image Include="res\bitmap32.bmp">
      <Filter>Resource Files</Filter>
    </Image>
    <Image Include="res\bitmap34.bmp">
      <Filter>Resource Files</Filter>
    </Image>
    <Image Include="res\bitmap35.bmp">
      <Filter>Resource Files</Filter>
    </Image>
    <Image Include="res\bitmap8.bmp">
      <Filter>Resource Files</Filter>
    </Image>
    <Image Include="res\bmp00001.bmp">
      <Filter>Resource Files</Filter>
    </Image>
    <Image Include="res\Graphic2.bmp">
      <Filter>Resource Files</Filter>
    </Image>
    <Image Include="res\Graphic3.bmp">
      <Filter>Resource Files</Filter>
    </Image>
    <Image Include="res\Graphic4.bmp">
      <Filter>Resource Files</Filter>
    </Image>
    <Image Include="res\graphic5.bmp">
      <Filter>Resource Files</Filter>
    </Image>
    <Image Include="res\hippaa2.bmp">
      <Filter>Resource Files</Filter>
    </Image>
    <Image Include="res\icon.bmp">
      <Filter>Resource Files</Filter>
    </Image>
    <Image Include="res\icon2.ico">
      <Filter>Resource Files</Filter>
    </Image>
    <Image Include="res\icon3.ico">
      <Filter>Resource Files</Filter>
    </Image>
    <Image Include="res\icon4.ico">
      <Filter>Resource Files</Filter>
    </Image>
    <Image Include="res\icon5.ico">
      <Filter>Resource Files</Filter>
    </Image>
    <Image Include="res\icon6.ico">
      <Filter>Resource Files</Filter>
    </Image>
    <Image Include="res\icon7.ico">
      <Filter>Resource Files</Filter>
    </Image>
    <Image Include="res\icon8.ico">
      <Filter>Resource Files</Filter>
    </Image>
    <Image Include="images\logo.bmp">
      <Filter>Resource Files</Filter>
    </Image>
    <Image Include="..\images\logo.bmp">
      <Filter>Resource Files</Filter>
    </Image>
    <Image Include="images\logo2.bmp">
      <Filter>Resource Files</Filter>
    </Image>
    <Image Include="..\images\logo2.bmp">
      <Filter>Resource Files</Filter>
    </Image>
    <Image Include="images\logo3.bmp">
      <Filter>Resource Files</Filter>
    </Image>
    <Image Include="res\logo3.bmp">
      <Filter>Resource Files</Filter>
    </Image>
    <Image Include="..\images\logo3.bmp">
      <Filter>Resource Files</Filter>
    </Image>
    <Image Include="res\logo4.bmp">
      <Filter>Resource Files</Filter>
    </Image>
    <Image Include="res\logo5.bmp">
      <Filter>Resource Files</Filter>
    </Image>
    <Image Include="res\mboxbg.bmp">
      <Filter>Resource Files</Filter>
    </Image>
    <Image Include="res\newpat.bmp">
      <Filter>Resource Files</Filter>
    </Image>
    <Image Include="res\pay.bmp">
      <Filter>Resource Files</Filter>
    </Image>
    <Image Include="res\reports.bmp">
      <Filter>Resource Files</Filter>
    </Image>
    <Image Include="res\shades.ico">
      <Filter>Resource Files</Filter>
    </Image>
    <Image Include="res\shades2.ico">
      <Filter>Resource Files</Filter>
    </Image>
    <Image Include="res\stat.bmp">
      <Filter>Resource Files</Filter>
    </Image>
    <Image Include="res\toolbar1.bmp">
      <Filter>Resource Files</Filter>
    </Image>
    <Image Include="res\toolbar2.bmp">
      <Filter>Resource Files</Filter>
    </Image>
    <Image Include="res\tools.bmp">
      <Filter>Resource Files</Filter>
    </Image>
    <Image Include="res\xray.bmp">
      <Filter>Resource Files</Filter>
    </Image>
    <Image Include="res\xray2.bmp">
      <Filter>Resource Files</Filter>
    </Image>
  </ItemGroup>
  <ItemGroup>
    <Text Include="ReadMe.txt" />
  </ItemGroup>
  <ItemGroup>
    <CustomBuild Include="Resource.h">
      <Filter>Header Files</Filter>
    </CustomBuild>
    <CustomBuild Include="res\cursor1.cur">
      <Filter>Resource Files</Filter>
    </CustomBuild>
    <CustomBuild Include="res\cursor10.cur">
      <Filter>Resource Files</Filter>
    </CustomBuild>
    <CustomBuild Include="res\cursor11.cur">
      <Filter>Resource Files</Filter>
    </CustomBuild>
    <CustomBuild Include="res\cursor12.cur">
      <Filter>Resource Files</Filter>
    </CustomBuild>
    <CustomBuild Include="res\cursor13.cur">
      <Filter>Resource Files</Filter>
    </CustomBuild>
    <CustomBuild Include="res\cursor2.cur">
      <Filter>Resource Files</Filter>
    </CustomBuild>
    <CustomBuild Include="res\cursor3.cur">
      <Filter>Resource Files</Filter>
    </CustomBuild>
    <CustomBuild Include="res\cursor4.cur">
      <Filter>Resource Files</Filter>
    </CustomBuild>
    <CustomBuild Include="res\cursor5.cur">
      <Filter>Resource Files</Filter>
    </CustomBuild>
    <CustomBuild Include="res\cursor6.cur">
      <Filter>Resource Files</Filter>
    </CustomBuild>
    <CustomBuild Include="res\cursor7.cur">
      <Filter>Resource Files</Filter>
    </CustomBuild>
    <CustomBuild Include="res\cursor8.cur">
      <Filter>Resource Files</Filter>
    </CustomBuild>
    <CustomBuild Include="res\cursor9.cur">
      <Filter>Resource Files</Filter>
    </CustomBuild>
    <CustomBuild Include="res\shades.rc2">
      <Filter>Resource Files</Filter>
    </CustomBuild>
  </ItemGroup>
</Project>